
Microsoft Visual Studio Solution File, Format Version 12.00
# Visual Studio Version 16
Project("{8BC9CEB8-8B4A-11D0-8D11-00A0C91BC942}") = "Demo", "Demo.vcxproj", "{48646019-56F2-3D96-B1B7-D6FF9140CE9A}"
	ProjectSection(ProjectDependencies) = postProject
		{1870788B-D08F-3F86-A241-F63C654E519D} = {1870788B-D08F-3F86-A241-F63C654E519D}
	EndProjectSection
EndProject
Project("{8BC9CEB8-8B4A-11D0-8D11-00A0C91BC942}") = "ALL_BUILD", "ALL_BUILD.vcxproj", "{22AA16D0-550E-3CCF-B2EE-29EE45F9EB6B}"
	ProjectSection(ProjectDependencies) = postProject
		{48646019-56F2-3D96-B1B7-D6FF9140CE9A} = {48646019-56F2-3D96-B1B7-D6FF9140CE9A}
		{1870788B-D08F-3F86-A241-F63C654E519D} = {1870788B-D08F-3F86-A241-F63C654E519D}
	EndProjectSection
EndProject
Project("{8BC9CEB8-8B4A-11D0-8D11-00A0C91BC942}") = "Framework", "Framework\Framework.vcxproj", "{1870788B-D08F-3F86-A241-F63C654E519D}"
	ProjectSection(ProjectDependencies) = postProject
	EndProjectSection
EndProject
Global
	GlobalSection(SolutionConfigurationPlatforms) = preSolution
		Debug|x64 = Debug|x64
		Release|x64 = Release|x64
	EndGlobalSection
	GlobalSection(ProjectConfigurationPlatforms) = postSolution
		{48646019-56F2-3D96-B1B7-D6FF9140CE9A}.Debug|x64.ActiveCfg = Debug|x64
		{48646019-56F2-3D96-B1B7-D6FF9140CE9A}.Debug|x64.Build.0 = Debug|x64
		{48646019-56F2-3D96-B1B7-D6FF9140CE9A}.Release|x64.ActiveCfg = Release|x64
		{48646019-56F2-3D96-B1B7-D6FF9140CE9A}.Release|x64.Build.0 = Release|x64
		{22AA16D0-550E-3CCF-B2EE-29EE45F9EB6B}.Debug|x64.ActiveCfg = Debug|x64
		{22AA16D0-550E-3CCF-B2EE-29EE45F9EB6B}.Release|x64.ActiveCfg = Release|x64
		{1870788B-D08F-3F86-A241-F63C654E519D}.Debug|x64.ActiveCfg = Debug|x64
		{1870788B-D08F-3F86-A241-F63C654E519D}.Debug|x64.Build.0 = Debug|x64
		{1870788B-D08F-3F86-A241-F63C654E519D}.Release|x64.ActiveCfg = Release|x64
		{1870788B-D08F-3F86-A241-F63C654E519D}.Release|x64.Build.0 = Release|x64
	EndGlobalSection
	GlobalSection(ExtensibilityGlobals) = postSolution
		SolutionGuid = {E24F65B6-C2B1-39DE-8268-E148E47F46AB}
	EndGlobalSection
	GlobalSection(ExtensibilityAddIns) = postSolution
	EndGlobalSection
EndGlobal
